# @generated by Move, please check-in and do not edit manually.

[move]
version = 2
manifest_digest = "15C672354D9052ADB7D433025ABE4413FC80C4E6932B5112B2A00120A14FEE5F"
deps_digest = "F8BBB0CCB2491CA29A3DF03D6F92277A4F3574266507ACD77214D37ECA3F3082"
dependencies = [
  { name = "Sui" },
]

[[move.package]]
name = "MoveStdlib"
source = { git = "https://github.com/MystenLabs/sui.git", rev = "framework/testnet", subdir = "crates/sui-framework/packages/move-stdlib" }

[[move.package]]
name = "Sui"
source = { git = "https://github.com/MystenLabs/sui.git", rev = "framework/testnet", subdir = "crates/sui-framework/packages/sui-framework" }

dependencies = [
  { name = "MoveStdlib" },
]

[move.toolchain-version]
compiler-version = "1.27.2"
edition = "2024.beta"
flavor = "sui"

[env]

[env.devnet]
chain-id = "0ca470f0"
original-published-id = "0x88246886ea21bf8c64e6ec47053f1cbc3fcabd4ffd492dd2283b072b9cb47c06"
latest-published-id = "0x88246886ea21bf8c64e6ec47053f1cbc3fcabd4ffd492dd2283b072b9cb47c06"
published-version = "1"
