# @generated by Move, please check-in and do not edit manually.

[move]
version = 2
manifest_digest = "CFA6D68590F28B0600E8770CAC0E799C02EEB5CFD476B39EFA5FE2DD003F0970"
deps_digest = "F8BBB0CCB2491CA29A3DF03D6F92277A4F3574266507ACD77214D37ECA3F3082"
dependencies = [
  { name = "Sui" },
]

[[move.package]]
name = "MoveStdlib"
source = { git = "https://github.com/MystenLabs/sui.git", rev = "framework/testnet", subdir = "crates/sui-framework/packages/move-stdlib" }

[[move.package]]
name = "Sui"
source = { git = "https://github.com/MystenLabs/sui.git", rev = "framework/testnet", subdir = "crates/sui-framework/packages/sui-framework" }

dependencies = [
  { name = "MoveStdlib" },
]

[move.toolchain-version]
compiler-version = "1.27.2"
edition = "2024.beta"
flavor = "sui"

[env]

[env.devnet]
chain-id = "0ca470f0"
original-published-id = "0xd10db0c217f561a989792a3ff7d965e03b2182188a3f42760958c7dea0468f69"
latest-published-id = "0xd10db0c217f561a989792a3ff7d965e03b2182188a3f42760958c7dea0468f69"
published-version = "1"
