# @generated by Move, please check-in and do not edit manually.

[move]
version = 2
manifest_digest = "32C852B7F617646F53FF9172D44A10EE006EB62AA7C80E741F41150FC772C54D"
deps_digest = "F8BBB0CCB2491CA29A3DF03D6F92277A4F3574266507ACD77214D37ECA3F3082"
dependencies = [
  { name = "Sui" },
]

[[move.package]]
name = "MoveStdlib"
source = { git = "https://github.com/MystenLabs/sui.git", rev = "framework/testnet", subdir = "crates/sui-framework/packages/move-stdlib" }

[[move.package]]
name = "Sui"
source = { git = "https://github.com/MystenLabs/sui.git", rev = "framework/testnet", subdir = "crates/sui-framework/packages/sui-framework" }

dependencies = [
  { name = "MoveStdlib" },
]

[move.toolchain-version]
compiler-version = "1.27.2"
edition = "2024.beta"
flavor = "sui"

[env]

[env.devnet]
chain-id = "0ca470f0"
original-published-id = "0x835bf732218f7642a82ad40b41c2261693a7a75acd07fc827cd48e4d3e5be222"
latest-published-id = "0x835bf732218f7642a82ad40b41c2261693a7a75acd07fc827cd48e4d3e5be222"
published-version = "1"
