# @generated by Move, please check-in and do not edit manually.

[move]
version = 2
manifest_digest = "C1F55DF5AF7C4D9A6C846AC33DC4C5173EDAB4D6EAB35D0C92BB045BDDF45797"
deps_digest = "F8BBB0CCB2491CA29A3DF03D6F92277A4F3574266507ACD77214D37ECA3F3082"
dependencies = [
  { name = "Sui" },
]

[[move.package]]
name = "MoveStdlib"
source = { git = "https://github.com/MystenLabs/sui.git", rev = "framework/testnet", subdir = "crates/sui-framework/packages/move-stdlib" }

[[move.package]]
name = "Sui"
source = { git = "https://github.com/MystenLabs/sui.git", rev = "framework/testnet", subdir = "crates/sui-framework/packages/sui-framework" }

dependencies = [
  { name = "MoveStdlib" },
]

[move.toolchain-version]
compiler-version = "1.27.2"
edition = "legacy"
flavor = "sui"

[env]

[env.devnet]
chain-id = "0ca470f0"
original-published-id = "0x125b272d7315be9a075f960a4b9afb9c76362016124d20b4d6c51478216e0787"
latest-published-id = "0x125b272d7315be9a075f960a4b9afb9c76362016124d20b4d6c51478216e0787"
published-version = "1"
